
Microsoft Visual Studio Solution File, Format Version 12.00
# Visual Studio Version 17
VisualStudioVersion = 17.10.34928.147
MinimumVisualStudioVersion = 10.0.40219.1
Project("{FAE04EC0-301F-11D3-BF4B-00C04F79EFBC}") = "ContactManager", "ContactManager\ContactManager.csproj", "{DDD5E479-ED3B-4C08-9259-C68FD831778E}"
EndProject
Project("{FAE04EC0-301F-11D3-BF4B-00C04F79EFBC}") = "ContactManagerTests", "ContactManagerTests\ContactManagerTests.csproj", "{F5E56780-7879-499C-A6B7-7371AD8BAEEA}"
EndProject
Global
	GlobalSection(SolutionConfigurationPlatforms) = preSolution
		Debug|Any CPU = Debug|Any CPU
		Release|Any CPU = Release|Any CPU
	EndGlobalSection
	GlobalSection(ProjectConfigurationPlatforms) = postSolution
		{DDD5E479-ED3B-4C08-9259-C68FD831778E}.Debug|Any CPU.ActiveCfg = Debug|Any CPU
		{DDD5E479-ED3B-4C08-9259-C68FD831778E}.Debug|Any CPU.Build.0 = Debug|Any CPU
		{DDD5E479-ED3B-4C08-9259-C68FD831778E}.Release|Any CPU.ActiveCfg = Release|Any CPU
		{DDD5E479-ED3B-4C08-9259-C68FD831778E}.Release|Any CPU.Build.0 = Release|Any CPU
		{F5E56780-7879-499C-A6B7-7371AD8BAEEA}.Debug|Any CPU.ActiveCfg = Debug|Any CPU
		{F5E56780-7879-499C-A6B7-7371AD8BAEEA}.Debug|Any CPU.Build.0 = Debug|Any CPU
		{F5E56780-7879-499C-A6B7-7371AD8BAEEA}.Release|Any CPU.ActiveCfg = Release|Any CPU
		{F5E56780-7879-499C-A6B7-7371AD8BAEEA}.Release|Any CPU.Build.0 = Release|Any CPU
	EndGlobalSection
	GlobalSection(SolutionProperties) = preSolution
		HideSolutionNode = FALSE
	EndGlobalSection
	GlobalSection(ExtensibilityGlobals) = postSolution
		SolutionGuid = {DB2ED6DC-D2EF-41CA-8AFC-CF595558DB49}
	EndGlobalSection
EndGlobal
